
Microsoft Visual Studio Solution File, Format Version 12.00
# Visual Studio Version 17
VisualStudioVersion = 17.8.34322.80
MinimumVisualStudioVersion = 10.0.40219.1
Project("{FAE04EC0-301F-11D3-BF4B-00C04F79EFBC}") = "Aviasales.API", "Aviasales.API\Aviasales.API.csproj", "{397A401E-B020-4FDD-B072-3D032418B0A2}"
EndProject
Project("{FAE04EC0-301F-11D3-BF4B-00C04F79EFBC}") = "Aviasales.API.Tests", "Aviasales.API.Tests\Aviasales.API.Tests.csproj", "{BA36F01D-32C9-4040-B4CF-97722516FA8E}"
EndProject
Global
	GlobalSection(SolutionConfigurationPlatforms) = preSolution
		Debug|Any CPU = Debug|Any CPU
		Release|Any CPU = Release|Any CPU
	EndGlobalSection
	GlobalSection(ProjectConfigurationPlatforms) = postSolution
		{397A401E-B020-4FDD-B072-3D032418B0A2}.Debug|Any CPU.ActiveCfg = Debug|Any CPU
		{397A401E-B020-4FDD-B072-3D032418B0A2}.Debug|Any CPU.Build.0 = Debug|Any CPU
		{397A401E-B020-4FDD-B072-3D032418B0A2}.Release|Any CPU.ActiveCfg = Release|Any CPU
		{397A401E-B020-4FDD-B072-3D032418B0A2}.Release|Any CPU.Build.0 = Release|Any CPU
		{BA36F01D-32C9-4040-B4CF-97722516FA8E}.Debug|Any CPU.ActiveCfg = Debug|Any CPU
		{BA36F01D-32C9-4040-B4CF-97722516FA8E}.Debug|Any CPU.Build.0 = Debug|Any CPU
		{BA36F01D-32C9-4040-B4CF-97722516FA8E}.Release|Any CPU.ActiveCfg = Release|Any CPU
		{BA36F01D-32C9-4040-B4CF-97722516FA8E}.Release|Any CPU.Build.0 = Release|Any CPU
	EndGlobalSection
	GlobalSection(SolutionProperties) = preSolution
		HideSolutionNode = FALSE
	EndGlobalSection
	GlobalSection(ExtensibilityGlobals) = postSolution
		SolutionGuid = {4BC9BA60-8B32-4EA1-84AF-C47ACB61FC16}
	EndGlobalSection
EndGlobal
